# This file is automatically generated by Poetry 1.8.2 and should be committed.
# Manual changes will be overwritten.

[[package]]
name = "fastapi"
version = "0.110.0"
description = "FastAPI framework, high performance, easy to learn, fast to code, ready for production"
optional = false
python-versions = ">=3.8"
files = [
    {file = "fastapi-0.110.0-py3-none-any.whl", hash = "sha256:5ef232a514d24177d4653e0202ee2c21966ec711f5d63f9b2d8616143c7b5093"},
]

[[package]]
name = "pydantic"
version = "2.6.4"
description = "Data validation using Python type hints"
optional = false
python-versions = ">=3.8"
files = [
    {file = "pydantic-2.6.4-py3-none-any.whl", hash = "sha256:0d691e84aa68d6f51cb3229b71f9cf720619a8684bb57f20fb14ca481977793d"},
]

[[package]]
name = "sqlalchemy"
version = "2.0.28"
description = "Database Abstraction Library"
optional = false
python-versions = ">=3.7"
files = [
    {file = "SQLAlchemy-2.0.28-py3-none-any.whl", hash = "sha256:59392e22c953535cfbf53b92f946fc1d51c7aa7c19bb81001cbece6f79fa553d"},
]

[[package]]
name = "uvicorn"
version = "0.28.0"
description = "The lightning-fast ASGI server."
optional = false
python-versions = ">=3.8"
files = [
    {file = "uvicorn-0.28.0-py3-none-any.whl", hash = "sha256:54b736b44558238ba4c9527ec555a6d389a695d7367ba48c5208f237b6058e5a"},
]

[metadata]
lock-version = "2.0"
python-versions = ">=3.10"
content-hash = "9827349182374982374928374928374982374928374"
