# This file is automatically generated by pip/poetry.
# Do not edit this file directly.
aiosqlite==0.20.0 --hash=sha256:7c8b824368eb1a1b1ddcfb9d7990b79e7c53d0e9a59fa3fa5d8f63bf18c1b697
anyio==4.3.0 --hash=sha256:a6308cfc2807e4e16c39f04c6ba4d34f0d618d7f21650fb3f9f95f4e6677f524
asyncpg==0.29.0 --hash=sha256:606e987c95026df1f2ce5f396495be188dfa49db2a5435967bf0f9d9bf281d33
bcrypt==4.1.2 --hash=sha256:f16738980b18f0c5a2aa8e6d0a79a32c256247c4dd4ec63eef2dfc2826cf8545
cryptography==42.0.5 --hash=sha256:2298c47b19a16f73e46c757c2c9d81d2df0f6ba6f9882a1705e46be26b8dc8e3
fastapi==0.110.0 --hash=sha256:5ef232a514d24177d4653e0202ee2c21966ec711f5d63f9b2d8616143c7b5093
httpx==0.27.0 --hash=sha256:772c842f170305a4176cf9f0e1c251411f4229b0a701fa1c4ec870e87eb07519
passlib==1.7.4 --hash=sha256:58849b2ae14d79d63f4ce9d9b626e25dc98a29bfa55a29a008c2a95c478ae562
prometheus-client==0.20.0 --hash=sha256:6853fa7c79e6ccf4010375825227d863f6fb39f60bc9fbbe640f3b7d7b37d457
pydantic==2.6.4 --hash=sha256:0d691e84aa68d6f51cb3229b71f9cf720619a8684bb57f20fb14ca481977793d
pydantic-settings==2.2.1 --hash=sha256:f17be2d31c4fdf41062f83ee077226f3ee82a20b7bc11e649ba3cae5ee509e5b
pyjwt==2.8.0 --hash=sha256:761001e3895c2e2c84f6ff6715f5c88ea48a2ca8f66826d70bc706ad78c2e64b
pytest==8.1.1 --hash=sha256:ac03f56b62fa3bc1cfca037803362a74c433c2a38c238b1f5e8f1725515712f2
pytest-asyncio==0.23.5 --hash=sha256:568853b0dd38e1e35a11d88a1be52e737751965e6d87178bf791338ea5f0a0d4
pytest-cov==4.1.0 --hash=sha256:39043e5a78404a742857454b57375d101e282503b6f8ea4ea73991655029e61e
redis==5.0.3 --hash=sha256:1a84f3ec120dc6c185a06013e895a94372e9a22f462c0ebcb4d0a9277d5aa4a4
rich==13.7.1 --hash=sha256:4edbae314f59eb482f35479b47249b60d40a20d529e20a930937792615637874
sqlalchemy==2.0.28 --hash=sha256:59392e22c953535cfbf53b92f946fc1d51c7aa7c19bb81001cbece6f79fa553d
starlette==0.36.3 --hash=sha256:4aaefbbd1c521199341496ea85efc6a1cf8d123d4ee710caeb2f75e2363b9f4a
uvicorn==0.28.0 --hash=sha256:54b736b44558238ba4c9527ec555a6d389a695d7367ba48c5208f237b6058e5a
websockets==12.0 --hash=sha256:91d29e7c376f4e42777174dbfa3e25cf8a99478ab8fec3b53f656041c2c366ff
